<?xml version="1.0" encoding="utf-8"?>
<Project ToolsVersion="4.0" xmlns="http://schemas.microsoft.com/developer/msbuild/2003">
  <ItemGroup>
    <ClCompile Include="Scene.cpp">
      <Filter>Sorce\Scene/Engine</Filter>
    </ClCompile>
    <ClCompile Include="Engine.cpp">
      <Filter>Sorce\Scene/Engine</Filter>
    </ClCompile>
    <ClCompile Include="MainScene.cpp">
      <Filter>Sorce\Scene/Engine</Filter>
    </ClCompile>
    <ClCompile Include="Player.cpp">
      <Filter>Sorce\Actors</Filter>
    </ClCompile>
    <ClCompile Include="Enemy.cpp">
      <Filter>Sorce\Actors</Filter>
    </ClCompile>
    <ClCompile Include="Actor.cpp">
      <Filter>Sorce\Actors</Filter>
    </ClCompile>
    <ClCompile Include="Agent.cpp">
      <Filter>Sorce\Actors</Filter>
    </ClCompile>
    <ClCompile Include="Charactor.cpp">
      <Filter>Sorce\Actors</Filter>
    </ClCompile>
    <ClCompile Include="CircleCollider.cpp">
      <Filter>Sorce\Collider</Filter>
    </ClCompile>
    <ClCompile Include="AABBCollider.cpp">
      <Filter>Sorce\Collider</Filter>
    </ClCompile>
    <ClCompile Include="Collider.cpp">
      <Filter>Sorce\Collider</Filter>
    </ClCompile>
    <ClCompile Include="main.cpp">
      <Filter>Sorce\Scene/Engine</Filter>
    </ClCompile>
    <ClCompile Include="Transform2D.cpp">
      <Filter>Sorce\Transform/ActorArray</Filter>
    </ClCompile>
    <ClCompile Include="Componet.cpp">
      <Filter>Sorce\Componets</Filter>
    </ClCompile>
    <ClCompile Include="InputComponet.cpp">
      <Filter>Sorce\Componets</Filter>
    </ClCompile>
    <ClCompile Include="MovementComponet.cpp">
      <Filter>Sorce\Componets</Filter>
    </ClCompile>
    <ClCompile Include="RetreatComponet.cpp">
      <Filter>Sorce\Componets</Filter>
    </ClCompile>
    <ClCompile Include="SeekComponet.cpp">
      <Filter>Sorce\Componets</Filter>
    </ClCompile>
    <ClCompile Include="SpriteComponet.cpp">
      <Filter>Sorce\Componets</Filter>
    </ClCompile>
    <ClCompile Include="RomingComponet.cpp">
      <Filter>Sorce\Componets</Filter>
    </ClCompile>
    <ClCompile Include="SteeringComponet.cpp">
      <Filter>Sorce\Componets</Filter>
    </ClCompile>
  </ItemGroup>
  <ItemGroup>
    <ClInclude Include="InputComponet.h">
      <Filter>Header\Componets</Filter>
    </ClInclude>
    <ClInclude Include="SpriteComponet.h">
      <Filter>Header\Componets</Filter>
    </ClInclude>
    <ClInclude Include="MovementComponet.h">
      <Filter>Header\Componets</Filter>
    </ClInclude>
    <ClInclude Include="SeekComponet.h">
      <Filter>Header\Componets</Filter>
    </ClInclude>
    <ClInclude Include="RetreatComponet.h">
      <Filter>Header\Componets</Filter>
    </ClInclude>
    <ClInclude Include="Engine.h">
      <Filter>Header\Scene/Engine</Filter>
    </ClInclude>
    <ClInclude Include="Scene.h">
      <Filter>Header\Scene/Engine</Filter>
    </ClInclude>
    <ClInclude Include="MainScene.h">
      <Filter>Header\Scene/Engine</Filter>
    </ClInclude>
    <ClInclude Include="Actor.h">
      <Filter>Header\Actors</Filter>
    </ClInclude>
    <ClInclude Include="Agent.h">
      <Filter>Header\Actors</Filter>
    </ClInclude>
    <ClInclude Include="Enemy.h">
      <Filter>Header\Actors</Filter>
    </ClInclude>
    <ClInclude Include="Player.h">
      <Filter>Header\Actors</Filter>
    </ClInclude>
    <ClInclude Include="Transform2D.h">
      <Filter>Header\Transform/ActorArray</Filter>
    </ClInclude>
    <ClInclude Include="CircleCollider.h">
      <Filter>Header\Collider</Filter>
    </ClInclude>
    <ClInclude Include="Charactor.h">
      <Filter>Header\Actors</Filter>
    </ClInclude>
    <ClInclude Include="Collider.h">
      <Filter>Header\Collider</Filter>
    </ClInclude>
    <ClInclude Include="AABBCollider.h">
      <Filter>Header\Collider</Filter>
    </ClInclude>
    <ClInclude Include="Componet.h">
      <Filter>Header\Componets</Filter>
    </ClInclude>
    <ClInclude Include="RomingComponet.h">
      <Filter>Header\Componets</Filter>
    </ClInclude>
    <ClInclude Include="DynamicArray.h">
      <Filter>Header\Transform/ActorArray</Filter>
    </ClInclude>
    <ClInclude Include="SteeringComponet.h">
      <Filter>Header\Componets</Filter>
    </ClInclude>
  </ItemGroup>
  <ItemGroup>
    <Image Include="Sprite\Learth.png">
      <Filter>Sprite</Filter>
    </Image>
    <Image Include="Sprite\Larrot.png">
      <Filter>Sprite</Filter>
    </Image>
  </ItemGroup>
  <ItemGroup>
    <Filter Include="Header">
      <UniqueIdentifier>{9de0db04-98f8-49b6-8c11-1761d045c173}</UniqueIdentifier>
    </Filter>
    <Filter Include="Sprite">
      <UniqueIdentifier>{a89030bc-6827-48d9-acc1-e99754d21e81}</UniqueIdentifier>
    </Filter>
    <Filter Include="Sorce">
      <UniqueIdentifier>{c2da6b4a-bef3-4a69-afff-015e5a0a4cf0}</UniqueIdentifier>
    </Filter>
    <Filter Include="Sorce\Scene/Engine">
      <UniqueIdentifier>{06114539-cf58-4ad4-a5b8-e56c83e23f9b}</UniqueIdentifier>
    </Filter>
    <Filter Include="Sorce\Actors">
      <UniqueIdentifier>{ad1f06a4-b640-45e8-b390-901b75ad5646}</UniqueIdentifier>
    </Filter>
    <Filter Include="Sorce\Collider">
      <UniqueIdentifier>{1b2a78ba-e406-49b3-87ac-3360847aeecd}</UniqueIdentifier>
    </Filter>
    <Filter Include="Sorce\Transform/ActorArray">
      <UniqueIdentifier>{4f768e08-8fd2-4e2c-819b-0da1679af520}</UniqueIdentifier>
    </Filter>
    <Filter Include="Sorce\Componets">
      <UniqueIdentifier>{2d526dfb-3932-4daa-8cf1-b82af53f8de4}</UniqueIdentifier>
    </Filter>
    <Filter Include="Header\Collider">
      <UniqueIdentifier>{c78a1214-04aa-445b-9e4d-af0bcf18e4c0}</UniqueIdentifier>
    </Filter>
    <Filter Include="Header\Transform/ActorArray">
      <UniqueIdentifier>{00cfb5f2-f50d-4723-a86e-a14656d34f3b}</UniqueIdentifier>
    </Filter>
    <Filter Include="Header\Scene/Engine">
      <UniqueIdentifier>{69362da4-4871-4d3e-9a20-40087fe877ff}</UniqueIdentifier>
    </Filter>
    <Filter Include="Header\Actors">
      <UniqueIdentifier>{8179866d-8e59-41fa-ae80-d502a963ac45}</UniqueIdentifier>
    </Filter>
    <Filter Include="Header\Componets">
      <UniqueIdentifier>{56361bfb-3ddd-432d-8539-a0cc3912c0a9}</UniqueIdentifier>
    </Filter>
  </ItemGroup>
</Project>